// !$*UTF8*$!
{
	archiveVersion = 1;
	classes = {
	};
	objectVersion = 46;
	objects = {

/* Begin PBXBuildFile section */
		8BBCFB051CC11DB800F775E6 /* AppDelegate.swift in Sources */ = {isa = PBXBuildFile; fileRef = 8BBCFB041CC11DB800F775E6 /* AppDelegate.swift */; };
		8BBCFB071CC11DB800F775E6 /* ViewController.swift in Sources */ = {isa = PBXBuildFile; fileRef = 8BBCFB061CC11DB800F775E6 /* ViewController.swift */; };
		8BBCFB0A1CC11DB800F775E6 /* Main.storyboard in Resources */ = {isa = PBXBuildFile; fileRef = 8BBCFB081CC11DB800F775E6 /* Main.storyboard */; };
		8BBCFB0C1CC11DB800F775E6 /* Assets.xcassets in Resources */ = {isa = PBXBuildFile; fileRef = 8BBCFB0B1CC11DB800F775E6 /* Assets.xcassets */; };
		8BBCFB0F1CC11DB800F775E6 /* LaunchScreen.storyboard in Resources */ = {isa = PBXBuildFile; fileRef = 8BBCFB0D1CC11DB800F775E6 /* LaunchScreen.storyboard */; };
		8BBCFB1A1CC11DB800F775E6 /* StrongDictTests.swift in Sources */ = {isa = PBXBuildFile; fileRef = 8BBCFB191CC11DB800F775E6 /* StrongDictTests.swift */; };
		8BBCFB251CC11DD400F775E6 /* Person.swift in Sources */ = {isa = PBXBuildFile; fileRef = 8BBCFB241CC11DD400F775E6 /* Person.swift */; };
		8BBCFB271CC1202B00F775E6 /* Person.json in Resources */ = {isa = PBXBuildFile; fileRef = 8BBCFB261CC1202B00F775E6 /* Person.json */; };
		8BBCFB291CC122B000F775E6 /* Dictionary+Pull.swift in Sources */ = {isa = PBXBuildFile; fileRef = 8BBCFB281CC122B000F775E6 /* Dictionary+Pull.swift */; };
/* End PBXBuildFile section */

/* Begin PBXContainerItemProxy section */
		8BBCFB161CC11DB800F775E6 /* PBXContainerItemProxy */ = {
			isa = PBXContainerItemProxy;
			containerPortal = 8BBCFAF91CC11DB800F775E6 /* Project object */;
			proxyType = 1;
			remoteGlobalIDString = 8BBCFB001CC11DB800F775E6;
			remoteInfo = StrongDict;
		};
/* End PBXContainerItemProxy section */

/* Begin PBXFileReference section */
		8BBCFB011CC11DB800F775E6 /* StrongDict.app */ = {isa = PBXFileReference; explicitFileType = wrapper.application; includeInIndex = 0; path = StrongDict.app; sourceTree = BUILT_PRODUCTS_DIR; };
		8BBCFB041CC11DB800F775E6 /* AppDelegate.swift */ = {isa = PBXFileReference; lastKnownFileType = sourcecode.swift; path = AppDelegate.swift; sourceTree = "<group>"; };
		8BBCFB061CC11DB800F775E6 /* ViewController.swift */ = {isa = PBXFileReference; lastKnownFileType = sourcecode.swift; path = ViewController.swift; sourceTree = "<group>"; };
		8BBCFB091CC11DB800F775E6 /* Base */ = {isa = PBXFileReference; lastKnownFileType = file.storyboard; name = Base; path = Base.lproj/Main.storyboard; sourceTree = "<group>"; };
		8BBCFB0B1CC11DB800F775E6 /* Assets.xcassets */ = {isa = PBXFileReference; lastKnownFileType = folder.assetcatalog; path = Assets.xcassets; sourceTree = "<group>"; };
		8BBCFB0E1CC11DB800F775E6 /* Base */ = {isa = PBXFileReference; lastKnownFileType = file.storyboard; name = Base; path = Base.lproj/LaunchScreen.storyboard; sourceTree = "<group>"; };
		8BBCFB101CC11DB800F775E6 /* Info.plist */ = {isa = PBXFileReference; lastKnownFileType = text.plist.xml; path = Info.plist; sourceTree = "<group>"; };
		8BBCFB151CC11DB800F775E6 /* StrongDictTests.xctest */ = {isa = PBXFileReference; explicitFileType = wrapper.cfbundle; includeInIndex = 0; path = StrongDictTests.xctest; sourceTree = BUILT_PRODUCTS_DIR; };
		8BBCFB191CC11DB800F775E6 /* StrongDictTests.swift */ = {isa = PBXFileReference; lastKnownFileType = sourcecode.swift; path = StrongDictTests.swift; sourceTree = "<group>"; };
		8BBCFB1B1CC11DB800F775E6 /* Info.plist */ = {isa = PBXFileReference; lastKnownFileType = text.plist.xml; path = Info.plist; sourceTree = "<group>"; };
		8BBCFB241CC11DD400F775E6 /* Person.swift */ = {isa = PBXFileReference; fileEncoding = 4; lastKnownFileType = sourcecode.swift; path = Person.swift; sourceTree = "<group>"; };
		8BBCFB261CC1202B00F775E6 /* Person.json */ = {isa = PBXFileReference; fileEncoding = 4; lastKnownFileType = text.json; path = Person.json; sourceTree = "<group>"; };
		8BBCFB281CC122B000F775E6 /* Dictionary+Pull.swift */ = {isa = PBXFileReference; fileEncoding = 4; lastKnownFileType = sourcecode.swift; path = "Dictionary+Pull.swift"; sourceTree = "<group>"; };
/* End PBXFileReference section */

/* Begin PBXFrameworksBuildPhase section */
		8BBCFAFE1CC11DB800F775E6 /* Frameworks */ = {
			isa = PBXFrameworksBuildPhase;
			buildActionMask = 2147483647;
			files = (
			);
			runOnlyForDeploymentPostprocessing = 0;
		};
		8BBCFB121CC11DB800F775E6 /* Frameworks */ = {
			isa = PBXFrameworksBuildPhase;
			buildActionMask = 2147483647;
			files = (
			);
			runOnlyForDeploymentPostprocessing = 0;
		};
/* End PBXFrameworksBuildPhase section */

/* Begin PBXGroup section */
		8BBCFAF81CC11DB800F775E6 = {
			isa = PBXGroup;
			children = (
				8BBCFB031CC11DB800F775E6 /* StrongDict */,
				8BBCFB181CC11DB800F775E6 /* StrongDictTests */,
				8BBCFB021CC11DB800F775E6 /* Products */,
			);
			sourceTree = "<group>";
		};
		8BBCFB021CC11DB800F775E6 /* Products */ = {
			isa = PBXGroup;
			children = (
				8BBCFB011CC11DB800F775E6 /* StrongDict.app */,
				8BBCFB151CC11DB800F775E6 /* StrongDictTests.xctest */,
			);
			name = Products;
			sourceTree = "<group>";
		};
		8BBCFB031CC11DB800F775E6 /* StrongDict */ = {
			isa = PBXGroup;
			children = (
				8BBCFB041CC11DB800F775E6 /* AppDelegate.swift */,
				8BBCFB061CC11DB800F775E6 /* ViewController.swift */,
				8BBCFB081CC11DB800F775E6 /* Main.storyboard */,
				8BBCFB0B1CC11DB800F775E6 /* Assets.xcassets */,
				8BBCFB0D1CC11DB800F775E6 /* LaunchScreen.storyboard */,
				8BBCFB241CC11DD400F775E6 /* Person.swift */,
				8BBCFB281CC122B000F775E6 /* Dictionary+Pull.swift */,
				8BBCFB261CC1202B00F775E6 /* Person.json */,
				8BBCFB101CC11DB800F775E6 /* Info.plist */,
			);
			path = StrongDict;
			sourceTree = "<group>";
		};
		8BBCFB181CC11DB800F775E6 /* StrongDictTests */ = {
			isa = PBXGroup;
			children = (
				8BBCFB191CC11DB800F775E6 /* StrongDictTests.swift */,
				8BBCFB1B1CC11DB800F775E6 /* Info.plist */,
			);
			path = StrongDictTests;
			sourceTree = "<group>";
		};
/* End PBXGroup section */

/* Begin PBXNativeTarget section */
		8BBCFB001CC11DB800F775E6 /* StrongDict */ = {
			isa = PBXNativeTarget;
			buildConfigurationList = 8BBCFB1E1CC11DB800F775E6 /* Build configuration list for PBXNativeTarget "StrongDict" */;
			buildPhases = (
				8BBCFAFD1CC11DB800F775E6 /* Sources */,
				8BBCFAFE1CC11DB800F775E6 /* Frameworks */,
				8BBCFAFF1CC11DB800F775E6 /* Resources */,
			);
			buildRules = (
			);
			dependencies = (
			);
			name = StrongDict;
			productName = StrongDict;
			productReference = 8BBCFB011CC11DB800F775E6 /* StrongDict.app */;
			productType = "com.apple.product-type.application";
		};
		8BBCFB141CC11DB800F775E6 /* StrongDictTests */ = {
			isa = PBXNativeTarget;
			buildConfigurationList = 8BBCFB211CC11DB800F775E6 /* Build configuration list for PBXNativeTarget "StrongDictTests" */;
			buildPhases = (
				8BBCFB111CC11DB800F775E6 /* Sources */,
				8BBCFB121CC11DB800F775E6 /* Frameworks */,
				8BBCFB131CC11DB800F775E6 /* Resources */,
			);
			buildRules = (
			);
			dependencies = (
				8BBCFB171CC11DB800F775E6 /* PBXTargetDependency */,
			);
			name = StrongDictTests;
			productName = StrongDictTests;
			productReference = 8BBCFB151CC11DB800F775E6 /* StrongDictTests.xctest */;
			productType = "com.apple.product-type.bundle.unit-test";
		};
/* End PBXNativeTarget section */

/* Begin PBXProject section */
		8BBCFAF91CC11DB800F775E6 /* Project object */ = {
			isa = PBXProject;
			attributes = {
				LastSwiftUpdateCheck = 0730;
				LastUpgradeCheck = 0730;
				ORGANIZATIONNAME = SportHub;
				TargetAttributes = {
					8BBCFB001CC11DB800F775E6 = {
						CreatedOnToolsVersion = 7.3;
					};
					8BBCFB141CC11DB800F775E6 = {
						CreatedOnToolsVersion = 7.3;
						TestTargetID = 8BBCFB001CC11DB800F775E6;
					};
				};
			};
			buildConfigurationList = 8BBCFAFC1CC11DB800F775E6 /* Build configuration list for PBXProject "StrongDict" */;
			compatibilityVersion = "Xcode 3.2";
			developmentRegion = English;
			hasScannedForEncodings = 0;
			knownRegions = (
				en,
				Base,
			);
			mainGroup = 8BBCFAF81CC11DB800F775E6;
			productRefGroup = 8BBCFB021CC11DB800F775E6 /* Products */;
			projectDirPath = "";
			projectRoot = "";
			targets = (
				8BBCFB001CC11DB800F775E6 /* StrongDict */,
				8BBCFB141CC11DB800F775E6 /* StrongDictTests */,
			);
		};
/* End PBXProject section */

/* Begin PBXResourcesBuildPhase section */
		8BBCFAFF1CC11DB800F775E6 /* Resources */ = {
			isa = PBXResourcesBuildPhase;
			buildActionMask = 2147483647;
			files = (
				8BBCFB0F1CC11DB800F775E6 /* LaunchScreen.storyboard in Resources */,
				8BBCFB0C1CC11DB800F775E6 /* Assets.xcassets in Resources */,
				8BBCFB271CC1202B00F775E6 /* Person.json in Resources */,
				8BBCFB0A1CC11DB800F775E6 /* Main.storyboard in Resources */,
			);
			runOnlyForDeploymentPostprocessing = 0;
		};
		8BBCFB131CC11DB800F775E6 /* Resources */ = {
			isa = PBXResourcesBuildPhase;
			buildActionMask = 2147483647;
			files = (
			);
			runOnlyForDeploymentPostprocessing = 0;
		};
/* End PBXResourcesBuildPhase section */

/* Begin PBXSourcesBuildPhase section */
		8BBCFAFD1CC11DB800F775E6 /* Sources */ = {
			isa = PBXSourcesBuildPhase;
			buildActionMask = 2147483647;
			files = (
				8BBCFB251CC11DD400F775E6 /* Person.swift in Sources */,
				8BBCFB071CC11DB800F775E6 /* ViewController.swift in Sources */,
				8BBCFB291CC122B000F775E6 /* Dictionary+Pull.swift in Sources */,
				8BBCFB051CC11DB800F775E6 /* AppDelegate.swift in Sources */,
			);
			runOnlyForDeploymentPostprocessing = 0;
		};
		8BBCFB111CC11DB800F775E6 /* Sources */ = {
			isa = PBXSourcesBuildPhase;
			buildActionMask = 2147483647;
			files = (
				8BBCFB1A1CC11DB800F775E6 /* StrongDictTests.swift in Sources */,
			);
			runOnlyForDeploymentPostprocessing = 0;
		};
/* End PBXSourcesBuildPhase section */

/* Begin PBXTargetDependency section */
		8BBCFB171CC11DB800F775E6 /* PBXTargetDependency */ = {
			isa = PBXTargetDependency;
			target = 8BBCFB001CC11DB800F775E6 /* StrongDict */;
			targetProxy = 8BBCFB161CC11DB800F775E6 /* PBXContainerItemProxy */;
		};
/* End PBXTargetDependency section */

/* Begin PBXVariantGroup section */
		8BBCFB081CC11DB800F775E6 /* Main.storyboard */ = {
			isa = PBXVariantGroup;
			children = (
				8BBCFB091CC11DB800F775E6 /* Base */,
			);
			name = Main.storyboard;
			sourceTree = "<group>";
		};
		8BBCFB0D1CC11DB800F775E6 /* LaunchScreen.storyboard */ = {
			isa = PBXVariantGroup;
			children = (
				8BBCFB0E1CC11DB800F775E6 /* Base */,
			);
			name = LaunchScreen.storyboard;
			sourceTree = "<group>";
		};
/* End PBXVariantGroup section */

/* Begin XCBuildConfiguration section */
		8BBCFB1C1CC11DB800F775E6 /* Debug */ = {
			isa = XCBuildConfiguration;
			buildSettings = {
				ALWAYS_SEARCH_USER_PATHS = NO;
				CLANG_ANALYZER_NONNULL = YES;
				CLANG_CXX_LANGUAGE_STANDARD = "gnu++0x";
				CLANG_CXX_LIBRARY = "libc++";
				CLANG_ENABLE_MODULES = YES;
				CLANG_ENABLE_OBJC_ARC = YES;
				CLANG_WARN_BOOL_CONVERSION = YES;
				CLANG_WARN_CONSTANT_CONVERSION = YES;
				CLANG_WARN_DIRECT_OBJC_ISA_USAGE = YES_ERROR;
				CLANG_WARN_EMPTY_BODY = YES;
				CLANG_WARN_ENUM_CONVERSION = YES;
				CLANG_WARN_INT_CONVERSION = YES;
				CLANG_WARN_OBJC_ROOT_CLASS = YES_ERROR;
				CLANG_WARN_UNREACHABLE_CODE = YES;
				CLANG_WARN__DUPLICATE_METHOD_MATCH = YES;
				"CODE_SIGN_IDENTITY[sdk=iphoneos*]" = "iPhone Developer";
				COPY_PHASE_STRIP = NO;
				DEBUG_INFORMATION_FORMAT = dwarf;
				ENABLE_STRICT_OBJC_MSGSEND = YES;
				ENABLE_TESTABILITY = YES;
				GCC_C_LANGUAGE_STANDARD = gnu99;
				GCC_DYNAMIC_NO_PIC = NO;
				GCC_NO_COMMON_BLOCKS = YES;
				GCC_OPTIMIZATION_LEVEL = 0;
				GCC_PREPROCESSOR_DEFINITIONS = (
					"DEBUG=1",
					"$(inherited)",
				);
				GCC_WARN_64_TO_32_BIT_CONVERSION = YES;
				GCC_WARN_ABOUT_RETURN_TYPE = YES_ERROR;
				GCC_WARN_UNDECLARED_SELECTOR = YES;
				GCC_WARN_UNINITIALIZED_AUTOS = YES_AGGRESSIVE;
				GCC_WARN_UNUSED_FUNCTION = YES;
				GCC_WARN_UNUSED_VARIABLE = YES;
				IPHONEOS_DEPLOYMENT_TARGET = 9.3;
				MTL_ENABLE_DEBUG_INFO = YES;
				ONLY_ACTIVE_ARCH = YES;
				SDKROOT = iphoneos;
				SWIFT_OPTIMIZATION_LEVEL = "-Onone";
				TARGETED_DEVICE_FAMILY = "1,2";
			};
			name = Debug;
		};
		8BBCFB1D1CC11DB800F775E6 /* Release */ = {
			isa = XCBuildConfiguration;
			buildSettings = {
				ALWAYS_SEARCH_USER_PATHS = NO;
				CLANG_ANALYZER_NONNULL = YES;
				CLANG_CXX_LANGUAGE_STANDARD = "gnu++0x";
				CLANG_CXX_LIBRARY = "libc++";
				CLANG_ENABLE_MODULES = YES;
				CLANG_ENABLE_OBJC_ARC = YES;
				CLANG_WARN_BOOL_CONVERSION = YES;
				CLANG_WARN_CONSTANT_CONVERSION = YES;
				CLANG_WARN_DIRECT_OBJC_ISA_USAGE = YES_ERROR;
				CLANG_WARN_EMPTY_BODY = YES;
				CLANG_WARN_ENUM_CONVERSION = YES;
				CLANG_WARN_INT_CONVERSION = YES;
				CLANG_WARN_OBJC_ROOT_CLASS = YES_ERROR;
				CLANG_WARN_UNREACHABLE_CODE = YES;
				CLANG_WARN__DUPLICATE_METHOD_MATCH = YES;
				"CODE_SIGN_IDENTITY[sdk=iphoneos*]" = "iPhone Developer";
				COPY_PHASE_STRIP = NO;
				DEBUG_INFORMATION_FORMAT = "dwarf-with-dsym";
				ENABLE_NS_ASSERTIONS = NO;
				ENABLE_STRICT_OBJC_MSGSEND = YES;
				GCC_C_LANGUAGE_STANDARD = gnu99;
				GCC_NO_COMMON_BLOCKS = YES;
				GCC_WARN_64_TO_32_BIT_CONVERSION = YES;
				GCC_WARN_ABOUT_RETURN_TYPE = YES_ERROR;
				GCC_WARN_UNDECLARED_SELECTOR = YES;
				GCC_WARN_UNINITIALIZED_AUTOS = YES_AGGRESSIVE;
				GCC_WARN_UNUSED_FUNCTION = YES;
				GCC_WARN_UNUSED_VARIABLE = YES;
				IPHONEOS_DEPLOYMENT_TARGET = 9.3;
				MTL_ENABLE_DEBUG_INFO = NO;
				SDKROOT = iphoneos;
				TARGETED_DEVICE_FAMILY = "1,2";
				VALIDATE_PRODUCT = YES;
			};
			name = Release;
		};
		8BBCFB1F1CC11DB800F775E6 /* Debug */ = {
			isa = XCBuildConfiguration;
			buildSettings = {
				ASSETCATALOG_COMPILER_APPICON_NAME = AppIcon;
				INFOPLIST_FILE = StrongDict/Info.plist;
				LD_RUNPATH_SEARCH_PATHS = "$(inherited) @executable_path/Frameworks";
				PRODUCT_BUNDLE_IDENTIFIER = io.sporthub.StrongDict;
				PRODUCT_NAME = "$(TARGET_NAME)";
			};
			name = Debug;
		};
		8BBCFB201CC11DB800F775E6 /* Release */ = {
			isa = XCBuildConfiguration;
			buildSettings = {
				ASSETCATALOG_COMPILER_APPICON_NAME = AppIcon;
				INFOPLIST_FILE = StrongDict/Info.plist;
				LD_RUNPATH_SEARCH_PATHS = "$(inherited) @executable_path/Frameworks";
				PRODUCT_BUNDLE_IDENTIFIER = io.sporthub.StrongDict;
				PRODUCT_NAME = "$(TARGET_NAME)";
			};
			name = Release;
		};
		8BBCFB221CC11DB800F775E6 /* Debug */ = {
			isa = XCBuildConfiguration;
			buildSettings = {
				BUNDLE_LOADER = "$(TEST_HOST)";
				INFOPLIST_FILE = StrongDictTests/Info.plist;
				LD_RUNPATH_SEARCH_PATHS = "$(inherited) @executable_path/Frameworks @loader_path/Frameworks";
				PRODUCT_BUNDLE_IDENTIFIER = io.sporthub.StrongDictTests;
				PRODUCT_NAME = "$(TARGET_NAME)";
				TEST_HOST = "$(BUILT_PRODUCTS_DIR)/StrongDict.app/StrongDict";
			};
			name = Debug;
		};
		8BBCFB231CC11DB800F775E6 /* Release */ = {
			isa = XCBuildConfiguration;
			buildSettings = {
				BUNDLE_LOADER = "$(TEST_HOST)";
				INFOPLIST_FILE = StrongDictTests/Info.plist;
				LD_RUNPATH_SEARCH_PATHS = "$(inherited) @executable_path/Frameworks @loader_path/Frameworks";
				PRODUCT_BUNDLE_IDENTIFIER = io.sporthub.StrongDictTests;
				PRODUCT_NAME = "$(TARGET_NAME)";
				TEST_HOST = "$(BUILT_PRODUCTS_DIR)/StrongDict.app/StrongDict";
			};
			name = Release;
		};
/* End XCBuildConfiguration section */

/* Begin XCConfigurationList section */
		8BBCFAFC1CC11DB800F775E6 /* Build configuration list for PBXProject "StrongDict" */ = {
			isa = XCConfigurationList;
			buildConfigurations = (
				8BBCFB1C1CC11DB800F775E6 /* Debug */,
				8BBCFB1D1CC11DB800F775E6 /* Release */,
			);
			defaultConfigurationIsVisible = 0;
			defaultConfigurationName = Release;
		};
		8BBCFB1E1CC11DB800F775E6 /* Build configuration list for PBXNativeTarget "StrongDict" */ = {
			isa = XCConfigurationList;
			buildConfigurations = (
				8BBCFB1F1CC11DB800F775E6 /* Debug */,
				8BBCFB201CC11DB800F775E6 /* Release */,
			);
			defaultConfigurationIsVisible = 0;
		};
		8BBCFB211CC11DB800F775E6 /* Build configuration list for PBXNativeTarget "StrongDictTests" */ = {
			isa = XCConfigurationList;
			buildConfigurations = (
				8BBCFB221CC11DB800F775E6 /* Debug */,
				8BBCFB231CC11DB800F775E6 /* Release */,
			);
			defaultConfigurationIsVisible = 0;
		};
/* End XCConfigurationList section */
	};
	rootObject = 8BBCFAF91CC11DB800F775E6 /* Project object */;
}
